
Microsoft Visual Studio Solution File, Format Version 11.00
# Visual Studio 2010
# SharpDevelop 4.3
Project("{FAE04EC0-301F-11D3-BF4B-00C04F79EFBC}") = "ScheduleTest", "ScheduleTest\ScheduleTest.csproj", "{575F0F06-399F-4DB8-BA5D-82B246554DBA}"
EndProject
Project("{FAE04EC0-301F-11D3-BF4B-00C04F79EFBC}") = "Mig.Controls.Schedule", "Mig.Controls.Schedule\Mig.Controls.Schedule.csproj", "{924C0424-B0C4-4750-A2DE-15E4844EFD30}"
EndProject
Project("{FAE04EC0-301F-11D3-BF4B-00C04F79EFBC}") = "Mig.Controls.Menu", "Mig.Controls.Menu\Mig.Controls.Menu.csproj", "{0AA51F0B-7229-4E87-805C-FFA795AC360F}"
EndProject
Global
	GlobalSection(SolutionConfigurationPlatforms) = preSolution
		Debug|Any CPU = Debug|Any CPU
		Debug|Mixed Platforms = Debug|Mixed Platforms
		Debug|x86 = Debug|x86
		Release|Any CPU = Release|Any CPU
		Release|Mixed Platforms = Release|Mixed Platforms
		Release|x86 = Release|x86
	EndGlobalSection
	GlobalSection(ProjectConfigurationPlatforms) = postSolution
		{575F0F06-399F-4DB8-BA5D-82B246554DBA}.Debug|Any CPU.ActiveCfg = Debug|x86
		{575F0F06-399F-4DB8-BA5D-82B246554DBA}.Debug|Mixed Platforms.ActiveCfg = Debug|x86
		{575F0F06-399F-4DB8-BA5D-82B246554DBA}.Debug|Mixed Platforms.Build.0 = Debug|x86
		{575F0F06-399F-4DB8-BA5D-82B246554DBA}.Debug|x86.ActiveCfg = Debug|x86
		{575F0F06-399F-4DB8-BA5D-82B246554DBA}.Debug|x86.Build.0 = Debug|x86
		{575F0F06-399F-4DB8-BA5D-82B246554DBA}.Release|Any CPU.ActiveCfg = Release|x86
		{575F0F06-399F-4DB8-BA5D-82B246554DBA}.Release|Mixed Platforms.ActiveCfg = Release|x86
		{575F0F06-399F-4DB8-BA5D-82B246554DBA}.Release|Mixed Platforms.Build.0 = Release|x86
		{575F0F06-399F-4DB8-BA5D-82B246554DBA}.Release|x86.ActiveCfg = Release|x86
		{575F0F06-399F-4DB8-BA5D-82B246554DBA}.Release|x86.Build.0 = Release|x86
		{924C0424-B0C4-4750-A2DE-15E4844EFD30}.Debug|Any CPU.ActiveCfg = Debug|Any CPU
		{924C0424-B0C4-4750-A2DE-15E4844EFD30}.Debug|Any CPU.Build.0 = Debug|Any CPU
		{924C0424-B0C4-4750-A2DE-15E4844EFD30}.Debug|Mixed Platforms.ActiveCfg = Debug|Any CPU
		{924C0424-B0C4-4750-A2DE-15E4844EFD30}.Debug|Mixed Platforms.Build.0 = Debug|Any CPU
		{924C0424-B0C4-4750-A2DE-15E4844EFD30}.Debug|x86.ActiveCfg = Debug|Any CPU
		{924C0424-B0C4-4750-A2DE-15E4844EFD30}.Release|Any CPU.ActiveCfg = Release|Any CPU
		{924C0424-B0C4-4750-A2DE-15E4844EFD30}.Release|Any CPU.Build.0 = Release|Any CPU
		{924C0424-B0C4-4750-A2DE-15E4844EFD30}.Release|Mixed Platforms.ActiveCfg = Release|Any CPU
		{924C0424-B0C4-4750-A2DE-15E4844EFD30}.Release|Mixed Platforms.Build.0 = Release|Any CPU
		{924C0424-B0C4-4750-A2DE-15E4844EFD30}.Release|x86.ActiveCfg = Release|Any CPU
		{0AA51F0B-7229-4E87-805C-FFA795AC360F}.Debug|Any CPU.Build.0 = Debug|Any CPU
		{0AA51F0B-7229-4E87-805C-FFA795AC360F}.Debug|Any CPU.ActiveCfg = Debug|Any CPU
		{0AA51F0B-7229-4E87-805C-FFA795AC360F}.Debug|Mixed Platforms.Build.0 = Debug|Any CPU
		{0AA51F0B-7229-4E87-805C-FFA795AC360F}.Debug|Mixed Platforms.ActiveCfg = Debug|Any CPU
		{0AA51F0B-7229-4E87-805C-FFA795AC360F}.Debug|x86.Build.0 = Debug|Any CPU
		{0AA51F0B-7229-4E87-805C-FFA795AC360F}.Debug|x86.ActiveCfg = Debug|Any CPU
		{0AA51F0B-7229-4E87-805C-FFA795AC360F}.Release|Any CPU.Build.0 = Release|Any CPU
		{0AA51F0B-7229-4E87-805C-FFA795AC360F}.Release|Any CPU.ActiveCfg = Release|Any CPU
		{0AA51F0B-7229-4E87-805C-FFA795AC360F}.Release|Mixed Platforms.Build.0 = Release|Any CPU
		{0AA51F0B-7229-4E87-805C-FFA795AC360F}.Release|Mixed Platforms.ActiveCfg = Release|Any CPU
		{0AA51F0B-7229-4E87-805C-FFA795AC360F}.Release|x86.Build.0 = Release|Any CPU
		{0AA51F0B-7229-4E87-805C-FFA795AC360F}.Release|x86.ActiveCfg = Release|Any CPU
	EndGlobalSection
	GlobalSection(SolutionProperties) = preSolution
		HideSolutionNode = FALSE
	EndGlobalSection
EndGlobal
